// !$*UTF8*$!
{
	archiveVersion = 1;
	classes = {
	};
	objectVersion = 50;
	objects = {

/* Begin PBXBuildFile section */
		A60F3FDC26AA5F0E0045D4E5 /* ChartView.swift in Sources */ = {isa = PBXBuildFile; fileRef = A60F3FDB26AA5F0E0045D4E5 /* ChartView.swift */; };
		A66933D026A4315600961E27 /* HapticManager.swift in Sources */ = {isa = PBXBuildFile; fileRef = A66933CF26A4315600961E27 /* HapticManager.swift */; };
		A66933D526AA34F000961E27 /* DetailView.swift in Sources */ = {isa = PBXBuildFile; fileRef = A66933D426AA34F000961E27 /* DetailView.swift */; };
		A66933D726AA428500961E27 /* CoinDetailModel.swift in Sources */ = {isa = PBXBuildFile; fileRef = A66933D626AA428500961E27 /* CoinDetailModel.swift */; };
		A66933D926AA458700961E27 /* DetailViewModel.swift in Sources */ = {isa = PBXBuildFile; fileRef = A66933D826AA458700961E27 /* DetailViewModel.swift */; };
		A66933DB26AA45DB00961E27 /* CoinDetailDataService.swift in Sources */ = {isa = PBXBuildFile; fileRef = A66933DA26AA45DB00961E27 /* CoinDetailDataService.swift */; };
		A689330126760BB500A20BA0 /* CryptoAppApp.swift in Sources */ = {isa = PBXBuildFile; fileRef = A689330026760BB500A20BA0 /* CryptoAppApp.swift */; };
		A689330526760BB600A20BA0 /* Assets.xcassets in Resources */ = {isa = PBXBuildFile; fileRef = A689330426760BB600A20BA0 /* Assets.xcassets */; };
		A689330826760BB600A20BA0 /* Preview Assets.xcassets in Resources */ = {isa = PBXBuildFile; fileRef = A689330726760BB600A20BA0 /* Preview Assets.xcassets */; };
		A689331326760F9D00A20BA0 /* Color.swift in Sources */ = {isa = PBXBuildFile; fileRef = A689331226760F9D00A20BA0 /* Color.swift */; };
		A68933192676131E00A20BA0 /* HomeView.swift in Sources */ = {isa = PBXBuildFile; fileRef = A68933182676131E00A20BA0 /* HomeView.swift */; };
		A689331D2676149500A20BA0 /* CircleButtonView.swift in Sources */ = {isa = PBXBuildFile; fileRef = A689331C2676149500A20BA0 /* CircleButtonView.swift */; };
		A689331F2676197B00A20BA0 /* CircleButtonAnimationView.swift in Sources */ = {isa = PBXBuildFile; fileRef = A689331E2676197B00A20BA0 /* CircleButtonAnimationView.swift */; };
		A6893322267E34E300A20BA0 /* CoinModel.swift in Sources */ = {isa = PBXBuildFile; fileRef = A6893321267E34E300A20BA0 /* CoinModel.swift */; };
		A6893324267F462700A20BA0 /* CoinRowView.swift in Sources */ = {isa = PBXBuildFile; fileRef = A6893323267F462700A20BA0 /* CoinRowView.swift */; };
		A6893326267F469D00A20BA0 /* PreviewProvider.swift in Sources */ = {isa = PBXBuildFile; fileRef = A6893325267F469D00A20BA0 /* PreviewProvider.swift */; };
		A6893328267F4C9300A20BA0 /* Double.swift in Sources */ = {isa = PBXBuildFile; fileRef = A6893327267F4C9300A20BA0 /* Double.swift */; };
		A689332A2680D9E600A20BA0 /* HomeViewModel.swift in Sources */ = {isa = PBXBuildFile; fileRef = A68933292680D9E600A20BA0 /* HomeViewModel.swift */; };
		A689332D26876FFB00A20BA0 /* CoinDataService.swift in Sources */ = {isa = PBXBuildFile; fileRef = A689332C26876FFB00A20BA0 /* CoinDataService.swift */; };
		A6893330268778DC00A20BA0 /* NetworkingManager.swift in Sources */ = {isa = PBXBuildFile; fileRef = A689332F268778DC00A20BA0 /* NetworkingManager.swift */; };
		A689333326883F2F00A20BA0 /* CoinImageView.swift in Sources */ = {isa = PBXBuildFile; fileRef = A689333226883F2F00A20BA0 /* CoinImageView.swift */; };
		A6893335268841A500A20BA0 /* CoinImageService.swift in Sources */ = {isa = PBXBuildFile; fileRef = A6893334268841A500A20BA0 /* CoinImageService.swift */; };
		A68933372688442B00A20BA0 /* CoinImageViewModel.swift in Sources */ = {isa = PBXBuildFile; fileRef = A68933362688442B00A20BA0 /* CoinImageViewModel.swift */; };
		A689333926884B7400A20BA0 /* LocalFileManager.swift in Sources */ = {isa = PBXBuildFile; fileRef = A689333826884B7400A20BA0 /* LocalFileManager.swift */; };
		A689333B268856CC00A20BA0 /* SearchBarView.swift in Sources */ = {isa = PBXBuildFile; fileRef = A689333A268856CC00A20BA0 /* SearchBarView.swift */; };
		A689333D26885C3200A20BA0 /* UIApplication.swift in Sources */ = {isa = PBXBuildFile; fileRef = A689333C26885C3200A20BA0 /* UIApplication.swift */; };
		A689333F26913D3D00A20BA0 /* StatisticModel.swift in Sources */ = {isa = PBXBuildFile; fileRef = A689333E26913D3D00A20BA0 /* StatisticModel.swift */; };
		A689334126913FD000A20BA0 /* StatisticView.swift in Sources */ = {isa = PBXBuildFile; fileRef = A689334026913FCF00A20BA0 /* StatisticView.swift */; };
		A6893343269144AB00A20BA0 /* HomeStatsView.swift in Sources */ = {isa = PBXBuildFile; fileRef = A6893342269144AB00A20BA0 /* HomeStatsView.swift */; };
		A68933452691A06000A20BA0 /* MarketDataModel.swift in Sources */ = {isa = PBXBuildFile; fileRef = A68933442691A06000A20BA0 /* MarketDataModel.swift */; };
		A68933472691A3E200A20BA0 /* MarketDataService.swift in Sources */ = {isa = PBXBuildFile; fileRef = A68933462691A3E200A20BA0 /* MarketDataService.swift */; };
		A68933492691B38500A20BA0 /* PortfolioView.swift in Sources */ = {isa = PBXBuildFile; fileRef = A68933482691B38500A20BA0 /* PortfolioView.swift */; };
		A689334C2691B5BB00A20BA0 /* XMarkButton.swift in Sources */ = {isa = PBXBuildFile; fileRef = A689334B2691B5BB00A20BA0 /* XMarkButton.swift */; };
		A689334E2691B92100A20BA0 /* CoinLogoView.swift in Sources */ = {isa = PBXBuildFile; fileRef = A689334D2691B92100A20BA0 /* CoinLogoView.swift */; };
		A689335126A4143400A20BA0 /* PortfolioContainer.xcdatamodeld in Sources */ = {isa = PBXBuildFile; fileRef = A689334F26A4143300A20BA0 /* PortfolioContainer.xcdatamodeld */; };
		A689335326A4151B00A20BA0 /* PortfolioDataService.swift in Sources */ = {isa = PBXBuildFile; fileRef = A689335226A4151B00A20BA0 /* PortfolioDataService.swift */; };
		A6C637CA26AA67C8004C5D3D /* Date.swift in Sources */ = {isa = PBXBuildFile; fileRef = A6C637C926AA67C8004C5D3D /* Date.swift */; };
		A6C637CC26AA7FCD004C5D3D /* String.swift in Sources */ = {isa = PBXBuildFile; fileRef = A6C637CB26AA7FCD004C5D3D /* String.swift */; };
		A6C637D026C11366004C5D3D /* SettingsView.swift in Sources */ = {isa = PBXBuildFile; fileRef = A6C637CF26C11366004C5D3D /* SettingsView.swift */; };
		A6C637D426C12322004C5D3D /* LaunchScreen.storyboard in Resources */ = {isa = PBXBuildFile; fileRef = A6C637D326C12322004C5D3D /* LaunchScreen.storyboard */; };
		A6C637D626C1266F004C5D3D /* LaunchView.swift in Sources */ = {isa = PBXBuildFile; fileRef = A6C637D526C1266F004C5D3D /* LaunchView.swift */; };
/* End PBXBuildFile section */

/* Begin PBXFileReference section */
		A60F3FDB26AA5F0E0045D4E5 /* ChartView.swift */ = {isa = PBXFileReference; lastKnownFileType = sourcecode.swift; path = ChartView.swift; sourceTree = "<group>"; };
		A66933CF26A4315600961E27 /* HapticManager.swift */ = {isa = PBXFileReference; lastKnownFileType = sourcecode.swift; path = HapticManager.swift; sourceTree = "<group>"; };
		A66933D426AA34F000961E27 /* DetailView.swift */ = {isa = PBXFileReference; lastKnownFileType = sourcecode.swift; path = DetailView.swift; sourceTree = "<group>"; };
		A66933D626AA428500961E27 /* CoinDetailModel.swift */ = {isa = PBXFileReference; lastKnownFileType = sourcecode.swift; path = CoinDetailModel.swift; sourceTree = "<group>"; };
		A66933D826AA458700961E27 /* DetailViewModel.swift */ = {isa = PBXFileReference; lastKnownFileType = sourcecode.swift; path = DetailViewModel.swift; sourceTree = "<group>"; };
		A66933DA26AA45DB00961E27 /* CoinDetailDataService.swift */ = {isa = PBXFileReference; lastKnownFileType = sourcecode.swift; path = CoinDetailDataService.swift; sourceTree = "<group>"; };
		A68932FD26760BB500A20BA0 /* CryptoApp.app */ = {isa = PBXFileReference; explicitFileType = wrapper.application; includeInIndex = 0; path = CryptoApp.app; sourceTree = BUILT_PRODUCTS_DIR; };
		A689330026760BB500A20BA0 /* CryptoAppApp.swift */ = {isa = PBXFileReference; lastKnownFileType = sourcecode.swift; path = CryptoAppApp.swift; sourceTree = "<group>"; };
		A689330426760BB600A20BA0 /* Assets.xcassets */ = {isa = PBXFileReference; lastKnownFileType = folder.assetcatalog; path = Assets.xcassets; sourceTree = "<group>"; };
		A689330726760BB600A20BA0 /* Preview Assets.xcassets */ = {isa = PBXFileReference; lastKnownFileType = folder.assetcatalog; path = "Preview Assets.xcassets"; sourceTree = "<group>"; };
		A689330926760BB600A20BA0 /* Info.plist */ = {isa = PBXFileReference; lastKnownFileType = text.plist.xml; path = Info.plist; sourceTree = "<group>"; };
		A689331226760F9D00A20BA0 /* Color.swift */ = {isa = PBXFileReference; lastKnownFileType = sourcecode.swift; path = Color.swift; sourceTree = "<group>"; };
		A68933182676131E00A20BA0 /* HomeView.swift */ = {isa = PBXFileReference; lastKnownFileType = sourcecode.swift; path = HomeView.swift; sourceTree = "<group>"; };
		A689331C2676149500A20BA0 /* CircleButtonView.swift */ = {isa = PBXFileReference; lastKnownFileType = sourcecode.swift; path = CircleButtonView.swift; sourceTree = "<group>"; };
		A689331E2676197B00A20BA0 /* CircleButtonAnimationView.swift */ = {isa = PBXFileReference; lastKnownFileType = sourcecode.swift; path = CircleButtonAnimationView.swift; sourceTree = "<group>"; };
		A6893321267E34E300A20BA0 /* CoinModel.swift */ = {isa = PBXFileReference; lastKnownFileType = sourcecode.swift; path = CoinModel.swift; sourceTree = "<group>"; };
		A6893323267F462700A20BA0 /* CoinRowView.swift */ = {isa = PBXFileReference; lastKnownFileType = sourcecode.swift; path = CoinRowView.swift; sourceTree = "<group>"; };
		A6893325267F469D00A20BA0 /* PreviewProvider.swift */ = {isa = PBXFileReference; lastKnownFileType = sourcecode.swift; path = PreviewProvider.swift; sourceTree = "<group>"; };
		A6893327267F4C9300A20BA0 /* Double.swift */ = {isa = PBXFileReference; lastKnownFileType = sourcecode.swift; path = Double.swift; sourceTree = "<group>"; };
		A68933292680D9E600A20BA0 /* HomeViewModel.swift */ = {isa = PBXFileReference; lastKnownFileType = sourcecode.swift; path = HomeViewModel.swift; sourceTree = "<group>"; };
		A689332C26876FFB00A20BA0 /* CoinDataService.swift */ = {isa = PBXFileReference; lastKnownFileType = sourcecode.swift; path = CoinDataService.swift; sourceTree = "<group>"; };
		A689332F268778DC00A20BA0 /* NetworkingManager.swift */ = {isa = PBXFileReference; lastKnownFileType = sourcecode.swift; path = NetworkingManager.swift; sourceTree = "<group>"; };
		A689333226883F2F00A20BA0 /* CoinImageView.swift */ = {isa = PBXFileReference; lastKnownFileType = sourcecode.swift; path = CoinImageView.swift; sourceTree = "<group>"; };
		A6893334268841A500A20BA0 /* CoinImageService.swift */ = {isa = PBXFileReference; lastKnownFileType = sourcecode.swift; path = CoinImageService.swift; sourceTree = "<group>"; };
		A68933362688442B00A20BA0 /* CoinImageViewModel.swift */ = {isa = PBXFileReference; lastKnownFileType = sourcecode.swift; path = CoinImageViewModel.swift; sourceTree = "<group>"; };
		A689333826884B7400A20BA0 /* LocalFileManager.swift */ = {isa = PBXFileReference; lastKnownFileType = sourcecode.swift; path = LocalFileManager.swift; sourceTree = "<group>"; };
		A689333A268856CC00A20BA0 /* SearchBarView.swift */ = {isa = PBXFileReference; lastKnownFileType = sourcecode.swift; path = SearchBarView.swift; sourceTree = "<group>"; };
		A689333C26885C3200A20BA0 /* UIApplication.swift */ = {isa = PBXFileReference; lastKnownFileType = sourcecode.swift; path = UIApplication.swift; sourceTree = "<group>"; };
		A689333E26913D3D00A20BA0 /* StatisticModel.swift */ = {isa = PBXFileReference; lastKnownFileType = sourcecode.swift; path = StatisticModel.swift; sourceTree = "<group>"; };
		A689334026913FCF00A20BA0 /* StatisticView.swift */ = {isa = PBXFileReference; lastKnownFileType = sourcecode.swift; path = StatisticView.swift; sourceTree = "<group>"; };
		A6893342269144AB00A20BA0 /* HomeStatsView.swift */ = {isa = PBXFileReference; lastKnownFileType = sourcecode.swift; path = HomeStatsView.swift; sourceTree = "<group>"; };
		A68933442691A06000A20BA0 /* MarketDataModel.swift */ = {isa = PBXFileReference; lastKnownFileType = sourcecode.swift; path = MarketDataModel.swift; sourceTree = "<group>"; };
		A68933462691A3E200A20BA0 /* MarketDataService.swift */ = {isa = PBXFileReference; lastKnownFileType = sourcecode.swift; path = MarketDataService.swift; sourceTree = "<group>"; };
		A68933482691B38500A20BA0 /* PortfolioView.swift */ = {isa = PBXFileReference; lastKnownFileType = sourcecode.swift; path = PortfolioView.swift; sourceTree = "<group>"; };
		A689334B2691B5BB00A20BA0 /* XMarkButton.swift */ = {isa = PBXFileReference; lastKnownFileType = sourcecode.swift; path = XMarkButton.swift; sourceTree = "<group>"; };
		A689334D2691B92100A20BA0 /* CoinLogoView.swift */ = {isa = PBXFileReference; lastKnownFileType = sourcecode.swift; path = CoinLogoView.swift; sourceTree = "<group>"; };
		A689335026A4143300A20BA0 /* PortfolioContainer.xcdatamodel */ = {isa = PBXFileReference; lastKnownFileType = wrapper.xcdatamodel; path = PortfolioContainer.xcdatamodel; sourceTree = "<group>"; };
		A689335226A4151B00A20BA0 /* PortfolioDataService.swift */ = {isa = PBXFileReference; lastKnownFileType = sourcecode.swift; path = PortfolioDataService.swift; sourceTree = "<group>"; };
		A6C637C926AA67C8004C5D3D /* Date.swift */ = {isa = PBXFileReference; lastKnownFileType = sourcecode.swift; path = Date.swift; sourceTree = "<group>"; };
		A6C637CB26AA7FCD004C5D3D /* String.swift */ = {isa = PBXFileReference; lastKnownFileType = sourcecode.swift; path = String.swift; sourceTree = "<group>"; };
		A6C637CF26C11366004C5D3D /* SettingsView.swift */ = {isa = PBXFileReference; lastKnownFileType = sourcecode.swift; path = SettingsView.swift; sourceTree = "<group>"; };
		A6C637D326C12322004C5D3D /* LaunchScreen.storyboard */ = {isa = PBXFileReference; lastKnownFileType = file.storyboard; path = LaunchScreen.storyboard; sourceTree = "<group>"; };
		A6C637D526C1266F004C5D3D /* LaunchView.swift */ = {isa = PBXFileReference; lastKnownFileType = sourcecode.swift; path = LaunchView.swift; sourceTree = "<group>"; };
/* End PBXFileReference section */

/* Begin PBXFrameworksBuildPhase section */
		A68932FA26760BB400A20BA0 /* Frameworks */ = {
			isa = PBXFrameworksBuildPhase;
			buildActionMask = 2147483647;
			files = (
			);
			runOnlyForDeploymentPostprocessing = 0;
		};
/* End PBXFrameworksBuildPhase section */

/* Begin PBXGroup section */
		A66933D126AA34AB00961E27 /* Detail */ = {
			isa = PBXGroup;
			children = (
				A66933D326AA34D400961E27 /* ViewModels */,
				A66933D226AA34BF00961E27 /* Views */,
			);
			path = Detail;
			sourceTree = "<group>";
		};
		A66933D226AA34BF00961E27 /* Views */ = {
			isa = PBXGroup;
			children = (
				A66933D426AA34F000961E27 /* DetailView.swift */,
				A60F3FDB26AA5F0E0045D4E5 /* ChartView.swift */,
			);
			path = Views;
			sourceTree = "<group>";
		};
		A66933D326AA34D400961E27 /* ViewModels */ = {
			isa = PBXGroup;
			children = (
				A66933D826AA458700961E27 /* DetailViewModel.swift */,
			);
			path = ViewModels;
			sourceTree = "<group>";
		};
		A68932F426760BB400A20BA0 = {
			isa = PBXGroup;
			children = (
				A68932FF26760BB500A20BA0 /* CryptoApp */,
				A68932FE26760BB500A20BA0 /* Products */,
			);
			sourceTree = "<group>";
		};
		A68932FE26760BB500A20BA0 /* Products */ = {
			isa = PBXGroup;
			children = (
				A68932FD26760BB500A20BA0 /* CryptoApp.app */,
			);
			name = Products;
			sourceTree = "<group>";
		};
		A68932FF26760BB500A20BA0 /* CryptoApp */ = {
			isa = PBXGroup;
			children = (
				A689332E2687787400A20BA0 /* Utillties */,
				A689330926760BB600A20BA0 /* Info.plist */,
				A689330026760BB500A20BA0 /* CryptoAppApp.swift */,
				A689330426760BB600A20BA0 /* Assets.xcassets */,
				A6893314267612D500A20BA0 /* Core */,
				A689331126760F4C00A20BA0 /* Extensions */,
				A6893320267E34B900A20BA0 /* Models */,
				A689330626760BB600A20BA0 /* Preview Content */,
				A689332B26876FA900A20BA0 /* Services */,
			);
			path = CryptoApp;
			sourceTree = "<group>";
		};
		A689330626760BB600A20BA0 /* Preview Content */ = {
			isa = PBXGroup;
			children = (
				A689330726760BB600A20BA0 /* Preview Assets.xcassets */,
			);
			path = "Preview Content";
			sourceTree = "<group>";
		};
		A689331126760F4C00A20BA0 /* Extensions */ = {
			isa = PBXGroup;
			children = (
				A689331226760F9D00A20BA0 /* Color.swift */,
				A6893325267F469D00A20BA0 /* PreviewProvider.swift */,
				A6893327267F4C9300A20BA0 /* Double.swift */,
				A689333C26885C3200A20BA0 /* UIApplication.swift */,
				A6C637C926AA67C8004C5D3D /* Date.swift */,
				A6C637CB26AA7FCD004C5D3D /* String.swift */,
			);
			path = Extensions;
			sourceTree = "<group>";
		};
		A6893314267612D500A20BA0 /* Core */ = {
			isa = PBXGroup;
			children = (
				A6C637D126C122EA004C5D3D /* Launch */,
				A6C637CD26C1132D004C5D3D /* Settings */,
				A66933D126AA34AB00961E27 /* Detail */,
				A689331A2676145D00A20BA0 /* Components */,
				A6893315267612DF00A20BA0 /* Home */,
			);
			path = Core;
			sourceTree = "<group>";
		};
		A6893315267612DF00A20BA0 /* Home */ = {
			isa = PBXGroup;
			children = (
				A6893317267612F400A20BA0 /* ViewModels */,
				A6893316267612EA00A20BA0 /* View */,
			);
			path = Home;
			sourceTree = "<group>";
		};
		A6893316267612EA00A20BA0 /* View */ = {
			isa = PBXGroup;
			children = (
				A68933182676131E00A20BA0 /* HomeView.swift */,
				A6893342269144AB00A20BA0 /* HomeStatsView.swift */,
				A6893323267F462700A20BA0 /* CoinRowView.swift */,
				A68933482691B38500A20BA0 /* PortfolioView.swift */,
			);
			path = View;
			sourceTree = "<group>";
		};
		A6893317267612F400A20BA0 /* ViewModels */ = {
			isa = PBXGroup;
			children = (
				A68933292680D9E600A20BA0 /* HomeViewModel.swift */,
			);
			path = ViewModels;
			sourceTree = "<group>";
		};
		A689331A2676145D00A20BA0 /* Components */ = {
			isa = PBXGroup;
			children = (
				A689333126883F0E00A20BA0 /* CoinImage */,
				A689331B2676147100A20BA0 /* CircleButton */,
				A689333A268856CC00A20BA0 /* SearchBarView.swift */,
				A689334026913FCF00A20BA0 /* StatisticView.swift */,
				A689334B2691B5BB00A20BA0 /* XMarkButton.swift */,
			);
			path = Components;
			sourceTree = "<group>";
		};
		A689331B2676147100A20BA0 /* CircleButton */ = {
			isa = PBXGroup;
			children = (
				A689331C2676149500A20BA0 /* CircleButtonView.swift */,
				A689331E2676197B00A20BA0 /* CircleButtonAnimationView.swift */,
			);
			path = CircleButton;
			sourceTree = "<group>";
		};
		A6893320267E34B900A20BA0 /* Models */ = {
			isa = PBXGroup;
			children = (
				A6893321267E34E300A20BA0 /* CoinModel.swift */,
				A689333E26913D3D00A20BA0 /* StatisticModel.swift */,
				A68933442691A06000A20BA0 /* MarketDataModel.swift */,
				A689334F26A4143300A20BA0 /* PortfolioContainer.xcdatamodeld */,
				A66933D626AA428500961E27 /* CoinDetailModel.swift */,
			);
			path = Models;
			sourceTree = "<group>";
		};
		A689332B26876FA900A20BA0 /* Services */ = {
			isa = PBXGroup;
			children = (
				A689332C26876FFB00A20BA0 /* CoinDataService.swift */,
				A66933DA26AA45DB00961E27 /* CoinDetailDataService.swift */,
				A6893334268841A500A20BA0 /* CoinImageService.swift */,
				A68933462691A3E200A20BA0 /* MarketDataService.swift */,
				A689335226A4151B00A20BA0 /* PortfolioDataService.swift */,
			);
			path = Services;
			sourceTree = "<group>";
		};
		A689332E2687787400A20BA0 /* Utillties */ = {
			isa = PBXGroup;
			children = (
				A689332F268778DC00A20BA0 /* NetworkingManager.swift */,
				A689333826884B7400A20BA0 /* LocalFileManager.swift */,
				A66933CF26A4315600961E27 /* HapticManager.swift */,
			);
			path = Utillties;
			sourceTree = "<group>";
		};
		A689333126883F0E00A20BA0 /* CoinImage */ = {
			isa = PBXGroup;
			children = (
				A689333226883F2F00A20BA0 /* CoinImageView.swift */,
				A68933362688442B00A20BA0 /* CoinImageViewModel.swift */,
				A689334D2691B92100A20BA0 /* CoinLogoView.swift */,
			);
			path = CoinImage;
			sourceTree = "<group>";
		};
		A6C637CD26C1132D004C5D3D /* Settings */ = {
			isa = PBXGroup;
			children = (
				A6C637CE26C11348004C5D3D /* Views */,
			);
			path = Settings;
			sourceTree = "<group>";
		};
		A6C637CE26C11348004C5D3D /* Views */ = {
			isa = PBXGroup;
			children = (
				A6C637CF26C11366004C5D3D /* SettingsView.swift */,
			);
			path = Views;
			sourceTree = "<group>";
		};
		A6C637D126C122EA004C5D3D /* Launch */ = {
			isa = PBXGroup;
			children = (
				A6C637D226C122FD004C5D3D /* Views */,
			);
			path = Launch;
			sourceTree = "<group>";
		};
		A6C637D226C122FD004C5D3D /* Views */ = {
			isa = PBXGroup;
			children = (
				A6C637D326C12322004C5D3D /* LaunchScreen.storyboard */,
				A6C637D526C1266F004C5D3D /* LaunchView.swift */,
			);
			path = Views;
			sourceTree = "<group>";
		};
/* End PBXGroup section */

/* Begin PBXNativeTarget section */
		A68932FC26760BB400A20BA0 /* CryptoApp */ = {
			isa = PBXNativeTarget;
			buildConfigurationList = A689330C26760BB600A20BA0 /* Build configuration list for PBXNativeTarget "CryptoApp" */;
			buildPhases = (
				A68932F926760BB400A20BA0 /* Sources */,
				A68932FA26760BB400A20BA0 /* Frameworks */,
				A68932FB26760BB400A20BA0 /* Resources */,
			);
			buildRules = (
			);
			dependencies = (
			);
			name = CryptoApp;
			productName = CryptoApp;
			productReference = A68932FD26760BB500A20BA0 /* CryptoApp.app */;
			productType = "com.apple.product-type.application";
		};
/* End PBXNativeTarget section */

/* Begin PBXProject section */
		A68932F526760BB400A20BA0 /* Project object */ = {
			isa = PBXProject;
			attributes = {
				LastSwiftUpdateCheck = 1250;
				LastUpgradeCheck = 1250;
				TargetAttributes = {
					A68932FC26760BB400A20BA0 = {
						CreatedOnToolsVersion = 12.5;
					};
				};
			};
			buildConfigurationList = A68932F826760BB400A20BA0 /* Build configuration list for PBXProject "CryptoApp" */;
			compatibilityVersion = "Xcode 9.3";
			developmentRegion = en;
			hasScannedForEncodings = 0;
			knownRegions = (
				en,
				Base,
			);
			mainGroup = A68932F426760BB400A20BA0;
			productRefGroup = A68932FE26760BB500A20BA0 /* Products */;
			projectDirPath = "";
			projectRoot = "";
			targets = (
				A68932FC26760BB400A20BA0 /* CryptoApp */,
			);
		};
/* End PBXProject section */

/* Begin PBXResourcesBuildPhase section */
		A68932FB26760BB400A20BA0 /* Resources */ = {
			isa = PBXResourcesBuildPhase;
			buildActionMask = 2147483647;
			files = (
				A6C637D426C12322004C5D3D /* LaunchScreen.storyboard in Resources */,
				A689330826760BB600A20BA0 /* Preview Assets.xcassets in Resources */,
				A689330526760BB600A20BA0 /* Assets.xcassets in Resources */,
			);
			runOnlyForDeploymentPostprocessing = 0;
		};
/* End PBXResourcesBuildPhase section */

/* Begin PBXSourcesBuildPhase section */
		A68932F926760BB400A20BA0 /* Sources */ = {
			isa = PBXSourcesBuildPhase;
			buildActionMask = 2147483647;
			files = (
				A689335126A4143400A20BA0 /* PortfolioContainer.xcdatamodeld in Sources */,
				A689332D26876FFB00A20BA0 /* CoinDataService.swift in Sources */,
				A6893324267F462700A20BA0 /* CoinRowView.swift in Sources */,
				A60F3FDC26AA5F0E0045D4E5 /* ChartView.swift in Sources */,
				A689332A2680D9E600A20BA0 /* HomeViewModel.swift in Sources */,
				A689334C2691B5BB00A20BA0 /* XMarkButton.swift in Sources */,
				A6C637CA26AA67C8004C5D3D /* Date.swift in Sources */,
				A689333926884B7400A20BA0 /* LocalFileManager.swift in Sources */,
				A68933192676131E00A20BA0 /* HomeView.swift in Sources */,
				A68933452691A06000A20BA0 /* MarketDataModel.swift in Sources */,
				A689333326883F2F00A20BA0 /* CoinImageView.swift in Sources */,
				A689334126913FD000A20BA0 /* StatisticView.swift in Sources */,
				A689330126760BB500A20BA0 /* CryptoAppApp.swift in Sources */,
				A689333D26885C3200A20BA0 /* UIApplication.swift in Sources */,
				A689331D2676149500A20BA0 /* CircleButtonView.swift in Sources */,
				A6C637D626C1266F004C5D3D /* LaunchView.swift in Sources */,
				A689331326760F9D00A20BA0 /* Color.swift in Sources */,
				A689333B268856CC00A20BA0 /* SearchBarView.swift in Sources */,
				A66933D526AA34F000961E27 /* DetailView.swift in Sources */,
				A66933D026A4315600961E27 /* HapticManager.swift in Sources */,
				A6893330268778DC00A20BA0 /* NetworkingManager.swift in Sources */,
				A689331F2676197B00A20BA0 /* CircleButtonAnimationView.swift in Sources */,
				A689334E2691B92100A20BA0 /* CoinLogoView.swift in Sources */,
				A6893343269144AB00A20BA0 /* HomeStatsView.swift in Sources */,
				A68933472691A3E200A20BA0 /* MarketDataService.swift in Sources */,
				A68933372688442B00A20BA0 /* CoinImageViewModel.swift in Sources */,
				A6893326267F469D00A20BA0 /* PreviewProvider.swift in Sources */,
				A6C637CC26AA7FCD004C5D3D /* String.swift in Sources */,
				A6893328267F4C9300A20BA0 /* Double.swift in Sources */,
				A68933492691B38500A20BA0 /* PortfolioView.swift in Sources */,
				A689333F26913D3D00A20BA0 /* StatisticModel.swift in Sources */,
				A6893335268841A500A20BA0 /* CoinImageService.swift in Sources */,
				A66933D726AA428500961E27 /* CoinDetailModel.swift in Sources */,
				A6893322267E34E300A20BA0 /* CoinModel.swift in Sources */,
				A66933DB26AA45DB00961E27 /* CoinDetailDataService.swift in Sources */,
				A66933D926AA458700961E27 /* DetailViewModel.swift in Sources */,
				A689335326A4151B00A20BA0 /* PortfolioDataService.swift in Sources */,
				A6C637D026C11366004C5D3D /* SettingsView.swift in Sources */,
			);
			runOnlyForDeploymentPostprocessing = 0;
		};
/* End PBXSourcesBuildPhase section */

/* Begin XCBuildConfiguration section */
		A689330A26760BB600A20BA0 /* Debug */ = {
			isa = XCBuildConfiguration;
			buildSettings = {
				ALWAYS_SEARCH_USER_PATHS = NO;
				CLANG_ANALYZER_NONNULL = YES;
				CLANG_ANALYZER_NUMBER_OBJECT_CONVERSION = YES_AGGRESSIVE;
				CLANG_CXX_LANGUAGE_STANDARD = "gnu++14";
				CLANG_CXX_LIBRARY = "libc++";
				CLANG_ENABLE_MODULES = YES;
				CLANG_ENABLE_OBJC_ARC = YES;
				CLANG_ENABLE_OBJC_WEAK = YES;
				CLANG_WARN_BLOCK_CAPTURE_AUTORELEASING = YES;
				CLANG_WARN_BOOL_CONVERSION = YES;
				CLANG_WARN_COMMA = YES;
				CLANG_WARN_CONSTANT_CONVERSION = YES;
				CLANG_WARN_DEPRECATED_OBJC_IMPLEMENTATIONS = YES;
				CLANG_WARN_DIRECT_OBJC_ISA_USAGE = YES_ERROR;
				CLANG_WARN_DOCUMENTATION_COMMENTS = YES;
				CLANG_WARN_EMPTY_BODY = YES;
				CLANG_WARN_ENUM_CONVERSION = YES;
				CLANG_WARN_INFINITE_RECURSION = YES;
				CLANG_WARN_INT_CONVERSION = YES;
				CLANG_WARN_NON_LITERAL_NULL_CONVERSION = YES;
				CLANG_WARN_OBJC_IMPLICIT_RETAIN_SELF = YES;
				CLANG_WARN_OBJC_LITERAL_CONVERSION = YES;
				CLANG_WARN_OBJC_ROOT_CLASS = YES_ERROR;
				CLANG_WARN_QUOTED_INCLUDE_IN_FRAMEWORK_HEADER = YES;
				CLANG_WARN_RANGE_LOOP_ANALYSIS = YES;
				CLANG_WARN_STRICT_PROTOTYPES = YES;
				CLANG_WARN_SUSPICIOUS_MOVE = YES;
				CLANG_WARN_UNGUARDED_AVAILABILITY = YES_AGGRESSIVE;
				CLANG_WARN_UNREACHABLE_CODE = YES;
				CLANG_WARN__DUPLICATE_METHOD_MATCH = YES;
				COPY_PHASE_STRIP = NO;
				DEBUG_INFORMATION_FORMAT = dwarf;
				ENABLE_STRICT_OBJC_MSGSEND = YES;
				ENABLE_TESTABILITY = YES;
				GCC_C_LANGUAGE_STANDARD = gnu11;
				GCC_DYNAMIC_NO_PIC = NO;
				GCC_NO_COMMON_BLOCKS = YES;
				GCC_OPTIMIZATION_LEVEL = 0;
				GCC_PREPROCESSOR_DEFINITIONS = (
					"DEBUG=1",
					"$(inherited)",
				);
				GCC_WARN_64_TO_32_BIT_CONVERSION = YES;
				GCC_WARN_ABOUT_RETURN_TYPE = YES_ERROR;
				GCC_WARN_UNDECLARED_SELECTOR = YES;
				GCC_WARN_UNINITIALIZED_AUTOS = YES_AGGRESSIVE;
				GCC_WARN_UNUSED_FUNCTION = YES;
				GCC_WARN_UNUSED_VARIABLE = YES;
				IPHONEOS_DEPLOYMENT_TARGET = 14.5;
				MTL_ENABLE_DEBUG_INFO = INCLUDE_SOURCE;
				MTL_FAST_MATH = YES;
				ONLY_ACTIVE_ARCH = YES;
				SDKROOT = iphoneos;
				SWIFT_ACTIVE_COMPILATION_CONDITIONS = DEBUG;
				SWIFT_OPTIMIZATION_LEVEL = "-Onone";
			};
			name = Debug;
		};
		A689330B26760BB600A20BA0 /* Release */ = {
			isa = XCBuildConfiguration;
			buildSettings = {
				ALWAYS_SEARCH_USER_PATHS = NO;
				CLANG_ANALYZER_NONNULL = YES;
				CLANG_ANALYZER_NUMBER_OBJECT_CONVERSION = YES_AGGRESSIVE;
				CLANG_CXX_LANGUAGE_STANDARD = "gnu++14";
				CLANG_CXX_LIBRARY = "libc++";
				CLANG_ENABLE_MODULES = YES;
				CLANG_ENABLE_OBJC_ARC = YES;
				CLANG_ENABLE_OBJC_WEAK = YES;
				CLANG_WARN_BLOCK_CAPTURE_AUTORELEASING = YES;
				CLANG_WARN_BOOL_CONVERSION = YES;
				CLANG_WARN_COMMA = YES;
				CLANG_WARN_CONSTANT_CONVERSION = YES;
				CLANG_WARN_DEPRECATED_OBJC_IMPLEMENTATIONS = YES;
				CLANG_WARN_DIRECT_OBJC_ISA_USAGE = YES_ERROR;
				CLANG_WARN_DOCUMENTATION_COMMENTS = YES;
				CLANG_WARN_EMPTY_BODY = YES;
				CLANG_WARN_ENUM_CONVERSION = YES;
				CLANG_WARN_INFINITE_RECURSION = YES;
				CLANG_WARN_INT_CONVERSION = YES;
				CLANG_WARN_NON_LITERAL_NULL_CONVERSION = YES;
				CLANG_WARN_OBJC_IMPLICIT_RETAIN_SELF = YES;
				CLANG_WARN_OBJC_LITERAL_CONVERSION = YES;
				CLANG_WARN_OBJC_ROOT_CLASS = YES_ERROR;
				CLANG_WARN_QUOTED_INCLUDE_IN_FRAMEWORK_HEADER = YES;
				CLANG_WARN_RANGE_LOOP_ANALYSIS = YES;
				CLANG_WARN_STRICT_PROTOTYPES = YES;
				CLANG_WARN_SUSPICIOUS_MOVE = YES;
				CLANG_WARN_UNGUARDED_AVAILABILITY = YES_AGGRESSIVE;
				CLANG_WARN_UNREACHABLE_CODE = YES;
				CLANG_WARN__DUPLICATE_METHOD_MATCH = YES;
				COPY_PHASE_STRIP = NO;
				DEBUG_INFORMATION_FORMAT = "dwarf-with-dsym";
				ENABLE_NS_ASSERTIONS = NO;
				ENABLE_STRICT_OBJC_MSGSEND = YES;
				GCC_C_LANGUAGE_STANDARD = gnu11;
				GCC_NO_COMMON_BLOCKS = YES;
				GCC_WARN_64_TO_32_BIT_CONVERSION = YES;
				GCC_WARN_ABOUT_RETURN_TYPE = YES_ERROR;
				GCC_WARN_UNDECLARED_SELECTOR = YES;
				GCC_WARN_UNINITIALIZED_AUTOS = YES_AGGRESSIVE;
				GCC_WARN_UNUSED_FUNCTION = YES;
				GCC_WARN_UNUSED_VARIABLE = YES;
				IPHONEOS_DEPLOYMENT_TARGET = 14.5;
				MTL_ENABLE_DEBUG_INFO = NO;
				MTL_FAST_MATH = YES;
				SDKROOT = iphoneos;
				SWIFT_COMPILATION_MODE = wholemodule;
				SWIFT_OPTIMIZATION_LEVEL = "-O";
				VALIDATE_PRODUCT = YES;
			};
			name = Release;
		};
		A689330D26760BB600A20BA0 /* Debug */ = {
			isa = XCBuildConfiguration;
			buildSettings = {
				ASSETCATALOG_COMPILER_APPICON_NAME = AppIcon;
				ASSETCATALOG_COMPILER_GLOBAL_ACCENT_COLOR_NAME = AccentColor;
				CODE_SIGN_STYLE = Automatic;
				DEVELOPMENT_ASSET_PATHS = "\"CryptoApp/Preview Content\"";
				DEVELOPMENT_TEAM = AW824PCM94;
				ENABLE_PREVIEWS = YES;
				INFOPLIST_FILE = CryptoApp/Info.plist;
				IPHONEOS_DEPLOYMENT_TARGET = 14.0;
				LD_RUNPATH_SEARCH_PATHS = (
					"$(inherited)",
					"@executable_path/Frameworks",
				);
				PRODUCT_BUNDLE_IDENTIFIER = "com.rai-studio.CryptoApp";
				PRODUCT_NAME = "$(TARGET_NAME)";
				SWIFT_VERSION = 5.0;
				TARGETED_DEVICE_FAMILY = "1,2";
			};
			name = Debug;
		};
		A689330E26760BB600A20BA0 /* Release */ = {
			isa = XCBuildConfiguration;
			buildSettings = {
				ASSETCATALOG_COMPILER_APPICON_NAME = AppIcon;
				ASSETCATALOG_COMPILER_GLOBAL_ACCENT_COLOR_NAME = AccentColor;
				CODE_SIGN_STYLE = Automatic;
				DEVELOPMENT_ASSET_PATHS = "\"CryptoApp/Preview Content\"";
				DEVELOPMENT_TEAM = AW824PCM94;
				ENABLE_PREVIEWS = YES;
				INFOPLIST_FILE = CryptoApp/Info.plist;
				IPHONEOS_DEPLOYMENT_TARGET = 14.0;
				LD_RUNPATH_SEARCH_PATHS = (
					"$(inherited)",
					"@executable_path/Frameworks",
				);
				PRODUCT_BUNDLE_IDENTIFIER = "com.rai-studio.CryptoApp";
				PRODUCT_NAME = "$(TARGET_NAME)";
				SWIFT_VERSION = 5.0;
				TARGETED_DEVICE_FAMILY = "1,2";
			};
			name = Release;
		};
/* End XCBuildConfiguration section */

/* Begin XCConfigurationList section */
		A68932F826760BB400A20BA0 /* Build configuration list for PBXProject "CryptoApp" */ = {
			isa = XCConfigurationList;
			buildConfigurations = (
				A689330A26760BB600A20BA0 /* Debug */,
				A689330B26760BB600A20BA0 /* Release */,
			);
			defaultConfigurationIsVisible = 0;
			defaultConfigurationName = Release;
		};
		A689330C26760BB600A20BA0 /* Build configuration list for PBXNativeTarget "CryptoApp" */ = {
			isa = XCConfigurationList;
			buildConfigurations = (
				A689330D26760BB600A20BA0 /* Debug */,
				A689330E26760BB600A20BA0 /* Release */,
			);
			defaultConfigurationIsVisible = 0;
			defaultConfigurationName = Release;
		};
/* End XCConfigurationList section */

/* Begin XCVersionGroup section */
		A689334F26A4143300A20BA0 /* PortfolioContainer.xcdatamodeld */ = {
			isa = XCVersionGroup;
			children = (
				A689335026A4143300A20BA0 /* PortfolioContainer.xcdatamodel */,
			);
			currentVersion = A689335026A4143300A20BA0 /* PortfolioContainer.xcdatamodel */;
			path = PortfolioContainer.xcdatamodeld;
			sourceTree = "<group>";
			versionGroupType = wrapper.xcdatamodel;
		};
/* End XCVersionGroup section */
	};
	rootObject = A68932F526760BB400A20BA0 /* Project object */;
}
